
Microsoft Visual Studio Solution File, Format Version 12.00
# Visual Studio Version 16
VisualStudioVersion = 16.0.31105.61
MinimumVisualStudioVersion = 10.0.40219.1
Project("{FAE04EC0-301F-11D3-BF4B-00C04F79EFBC}") = "Task2", "Task2\Task2.csproj", "{5DF5FA06-BCCF-4A9F-9836-840492B3EA9D}"
EndProject
Global
	GlobalSection(SolutionConfigurationPlatforms) = preSolution
		Debug|Any CPU = Debug|Any CPU
		Release|Any CPU = Release|Any CPU
	EndGlobalSection
	GlobalSection(ProjectConfigurationPlatforms) = postSolution
		{5DF5FA06-BCCF-4A9F-9836-840492B3EA9D}.Debug|Any CPU.ActiveCfg = Debug|Any CPU
		{5DF5FA06-BCCF-4A9F-9836-840492B3EA9D}.Debug|Any CPU.Build.0 = Debug|Any CPU
		{5DF5FA06-BCCF-4A9F-9836-840492B3EA9D}.Release|Any CPU.ActiveCfg = Release|Any CPU
		{5DF5FA06-BCCF-4A9F-9836-840492B3EA9D}.Release|Any CPU.Build.0 = Release|Any CPU
	EndGlobalSection
	GlobalSection(SolutionProperties) = preSolution
		HideSolutionNode = FALSE
	EndGlobalSection
	GlobalSection(ExtensibilityGlobals) = postSolution
		SolutionGuid = {0ACE3AD9-824E-42D3-A75D-757438A328BC}
	EndGlobalSection
EndGlobal
